PODS:
  - IGCocos2d (0.1.0):
    - IGCocos2d/CCBReader
    - IGCocos2d/CocosDenshion
  - IGCocos2d/CCBReader (0.1.0):
    - SSZipArchive
  - IGCocos2d/CocosDenshion (0.1.0)
  - SSZipArchive (0.3.1)

DEPENDENCIES:
  - IGCocos2d (from `../IGCocos2d.podspec`)

EXTERNAL SOURCES:
  IGCocos2d:
    :path: ../IGCocos2d.podspec

SPEC CHECKSUMS:
  IGCocos2d: a5f5ec89e8c16ea29a25184126c06f6495a6acab
  SSZipArchive: 47d0589a15452311749a4eeecb97e12800d127de

COCOAPODS: 0.29.0
