// !$*UTF8*$!
{
	archiveVersion = 1;
	classes = {
	};
	objectVersion = 46;
	objects = {

/* Begin PBXBuildFile section */
		041E48D397A64860BB9330E8 /* libPods-IGCocos2d-Demo.a in Frameworks */ = {isa = PBXBuildFile; fileRef = B12524014C6A4B35B82AED56 /* libPods-IGCocos2d-Demo.a */; };
		80939D0D1879AD2500EDC2C7 /* Foundation.framework in Frameworks */ = {isa = PBXBuildFile; fileRef = 80939D0C1879AD2500EDC2C7 /* Foundation.framework */; };
		80939D0F1879AD2500EDC2C7 /* CoreGraphics.framework in Frameworks */ = {isa = PBXBuildFile; fileRef = 80939D0E1879AD2500EDC2C7 /* CoreGraphics.framework */; };
		80939D111879AD2500EDC2C7 /* UIKit.framework in Frameworks */ = {isa = PBXBuildFile; fileRef = 80939D101879AD2500EDC2C7 /* UIKit.framework */; };
		80939D171879AD2500EDC2C7 /* InfoPlist.strings in Resources */ = {isa = PBXBuildFile; fileRef = 80939D151879AD2500EDC2C7 /* InfoPlist.strings */; };
		80939D191879AD2500EDC2C7 /* main.m in Sources */ = {isa = PBXBuildFile; fileRef = 80939D181879AD2500EDC2C7 /* main.m */; };
		80939D1D1879AD2500EDC2C7 /* AppDelegate.m in Sources */ = {isa = PBXBuildFile; fileRef = 80939D1C1879AD2500EDC2C7 /* AppDelegate.m */; };
		80939D1F1879AD2500EDC2C7 /* Images.xcassets in Resources */ = {isa = PBXBuildFile; fileRef = 80939D1E1879AD2500EDC2C7 /* Images.xcassets */; };
		80939D261879AD2500EDC2C7 /* XCTest.framework in Frameworks */ = {isa = PBXBuildFile; fileRef = 80939D251879AD2500EDC2C7 /* XCTest.framework */; };
		80939D271879AD2500EDC2C7 /* Foundation.framework in Frameworks */ = {isa = PBXBuildFile; fileRef = 80939D0C1879AD2500EDC2C7 /* Foundation.framework */; };
		80939D281879AD2500EDC2C7 /* UIKit.framework in Frameworks */ = {isa = PBXBuildFile; fileRef = 80939D101879AD2500EDC2C7 /* UIKit.framework */; };
		80939D301879AD2500EDC2C7 /* InfoPlist.strings in Resources */ = {isa = PBXBuildFile; fileRef = 80939D2E1879AD2500EDC2C7 /* InfoPlist.strings */; };
		80939D321879AD2500EDC2C7 /* IGCocos2d_DemoTests.m in Sources */ = {isa = PBXBuildFile; fileRef = 80939D311879AD2500EDC2C7 /* IGCocos2d_DemoTests.m */; };
		DEEE7779D6B94FD091F80DA1 /* libPods-IGCocos2d-DemoTests.a in Frameworks */ = {isa = PBXBuildFile; fileRef = 1067EDC056164521803A480D /* libPods-IGCocos2d-DemoTests.a */; };
/* End PBXBuildFile section */

/* Begin PBXContainerItemProxy section */
		80939D291879AD2500EDC2C7 /* PBXContainerItemProxy */ = {
			isa = PBXContainerItemProxy;
			containerPortal = 80939D011879AD2500EDC2C7 /* Project object */;
			proxyType = 1;
			remoteGlobalIDString = 80939D081879AD2500EDC2C7;
			remoteInfo = "IGCocos2d-Demo";
		};
/* End PBXContainerItemProxy section */

/* Begin PBXFileReference section */
		1067EDC056164521803A480D /* libPods-IGCocos2d-DemoTests.a */ = {isa = PBXFileReference; explicitFileType = archive.ar; includeInIndex = 0; path = "libPods-IGCocos2d-DemoTests.a"; sourceTree = BUILT_PRODUCTS_DIR; };
		80939D091879AD2500EDC2C7 /* IGCocos2d-Demo.app */ = {isa = PBXFileReference; explicitFileType = wrapper.application; includeInIndex = 0; path = "IGCocos2d-Demo.app"; sourceTree = BUILT_PRODUCTS_DIR; };
		80939D0C1879AD2500EDC2C7 /* Foundation.framework */ = {isa = PBXFileReference; lastKnownFileType = wrapper.framework; name = Foundation.framework; path = System/Library/Frameworks/Foundation.framework; sourceTree = SDKROOT; };
		80939D0E1879AD2500EDC2C7 /* CoreGraphics.framework */ = {isa = PBXFileReference; lastKnownFileType = wrapper.framework; name = CoreGraphics.framework; path = System/Library/Frameworks/CoreGraphics.framework; sourceTree = SDKROOT; };
		80939D101879AD2500EDC2C7 /* UIKit.framework */ = {isa = PBXFileReference; lastKnownFileType = wrapper.framework; name = UIKit.framework; path = System/Library/Frameworks/UIKit.framework; sourceTree = SDKROOT; };
		80939D141879AD2500EDC2C7 /* IGCocos2d-Demo-Info.plist */ = {isa = PBXFileReference; lastKnownFileType = text.plist.xml; path = "IGCocos2d-Demo-Info.plist"; sourceTree = "<group>"; };
		80939D161879AD2500EDC2C7 /* en */ = {isa = PBXFileReference; lastKnownFileType = text.plist.strings; name = en; path = en.lproj/InfoPlist.strings; sourceTree = "<group>"; };
		80939D181879AD2500EDC2C7 /* main.m */ = {isa = PBXFileReference; lastKnownFileType = sourcecode.c.objc; path = main.m; sourceTree = "<group>"; };
		80939D1A1879AD2500EDC2C7 /* IGCocos2d-Demo-Prefix.pch */ = {isa = PBXFileReference; lastKnownFileType = sourcecode.c.h; path = "IGCocos2d-Demo-Prefix.pch"; sourceTree = "<group>"; };
		80939D1B1879AD2500EDC2C7 /* AppDelegate.h */ = {isa = PBXFileReference; lastKnownFileType = sourcecode.c.h; path = AppDelegate.h; sourceTree = "<group>"; };
		80939D1C1879AD2500EDC2C7 /* AppDelegate.m */ = {isa = PBXFileReference; lastKnownFileType = sourcecode.c.objc; path = AppDelegate.m; sourceTree = "<group>"; };
		80939D1E1879AD2500EDC2C7 /* Images.xcassets */ = {isa = PBXFileReference; lastKnownFileType = folder.assetcatalog; path = Images.xcassets; sourceTree = "<group>"; };
		80939D241879AD2500EDC2C7 /* IGCocos2d-DemoTests.xctest */ = {isa = PBXFileReference; explicitFileType = wrapper.cfbundle; includeInIndex = 0; path = "IGCocos2d-DemoTests.xctest"; sourceTree = BUILT_PRODUCTS_DIR; };
		80939D251879AD2500EDC2C7 /* XCTest.framework */ = {isa = PBXFileReference; lastKnownFileType = wrapper.framework; name = XCTest.framework; path = Library/Frameworks/XCTest.framework; sourceTree = DEVELOPER_DIR; };
		80939D2D1879AD2500EDC2C7 /* IGCocos2d-DemoTests-Info.plist */ = {isa = PBXFileReference; lastKnownFileType = text.plist.xml; path = "IGCocos2d-DemoTests-Info.plist"; sourceTree = "<group>"; };
		80939D2F1879AD2500EDC2C7 /* en */ = {isa = PBXFileReference; lastKnownFileType = text.plist.strings; name = en; path = en.lproj/InfoPlist.strings; sourceTree = "<group>"; };
		80939D311879AD2500EDC2C7 /* IGCocos2d_DemoTests.m */ = {isa = PBXFileReference; lastKnownFileType = sourcecode.c.objc; path = IGCocos2d_DemoTests.m; sourceTree = "<group>"; };
		B12524014C6A4B35B82AED56 /* libPods-IGCocos2d-Demo.a */ = {isa = PBXFileReference; explicitFileType = archive.ar; includeInIndex = 0; path = "libPods-IGCocos2d-Demo.a"; sourceTree = BUILT_PRODUCTS_DIR; };
		C38E5490541E450B82D694AA /* Pods-IGCocos2d-DemoTests.xcconfig */ = {isa = PBXFileReference; includeInIndex = 1; lastKnownFileType = text.xcconfig; name = "Pods-IGCocos2d-DemoTests.xcconfig"; path = "Pods/Pods-IGCocos2d-DemoTests.xcconfig"; sourceTree = "<group>"; };
		D65BBDB54A494983909C16B5 /* Pods-IGCocos2d-Demo.xcconfig */ = {isa = PBXFileReference; includeInIndex = 1; lastKnownFileType = text.xcconfig; name = "Pods-IGCocos2d-Demo.xcconfig"; path = "Pods/Pods-IGCocos2d-Demo.xcconfig"; sourceTree = "<group>"; };
/* End PBXFileReference section */

/* Begin PBXFrameworksBuildPhase section */
		80939D061879AD2500EDC2C7 /* Frameworks */ = {
			isa = PBXFrameworksBuildPhase;
			buildActionMask = 2147483647;
			files = (
				80939D0F1879AD2500EDC2C7 /* CoreGraphics.framework in Frameworks */,
				80939D111879AD2500EDC2C7 /* UIKit.framework in Frameworks */,
				80939D0D1879AD2500EDC2C7 /* Foundation.framework in Frameworks */,
				041E48D397A64860BB9330E8 /* libPods-IGCocos2d-Demo.a in Frameworks */,
			);
			runOnlyForDeploymentPostprocessing = 0;
		};
		80939D211879AD2500EDC2C7 /* Frameworks */ = {
			isa = PBXFrameworksBuildPhase;
			buildActionMask = 2147483647;
			files = (
				80939D261879AD2500EDC2C7 /* XCTest.framework in Frameworks */,
				80939D281879AD2500EDC2C7 /* UIKit.framework in Frameworks */,
				80939D271879AD2500EDC2C7 /* Foundation.framework in Frameworks */,
				DEEE7779D6B94FD091F80DA1 /* libPods-IGCocos2d-DemoTests.a in Frameworks */,
			);
			runOnlyForDeploymentPostprocessing = 0;
		};
/* End PBXFrameworksBuildPhase section */

/* Begin PBXGroup section */
		80939D001879AD2500EDC2C7 = {
			isa = PBXGroup;
			children = (
				80939D121879AD2500EDC2C7 /* IGCocos2d-Demo */,
				80939D2B1879AD2500EDC2C7 /* IGCocos2d-DemoTests */,
				80939D0B1879AD2500EDC2C7 /* Frameworks */,
				80939D0A1879AD2500EDC2C7 /* Products */,
				D65BBDB54A494983909C16B5 /* Pods-IGCocos2d-Demo.xcconfig */,
				C38E5490541E450B82D694AA /* Pods-IGCocos2d-DemoTests.xcconfig */,
			);
			sourceTree = "<group>";
		};
		80939D0A1879AD2500EDC2C7 /* Products */ = {
			isa = PBXGroup;
			children = (
				80939D091879AD2500EDC2C7 /* IGCocos2d-Demo.app */,
				80939D241879AD2500EDC2C7 /* IGCocos2d-DemoTests.xctest */,
			);
			name = Products;
			sourceTree = "<group>";
		};
		80939D0B1879AD2500EDC2C7 /* Frameworks */ = {
			isa = PBXGroup;
			children = (
				80939D0C1879AD2500EDC2C7 /* Foundation.framework */,
				80939D0E1879AD2500EDC2C7 /* CoreGraphics.framework */,
				80939D101879AD2500EDC2C7 /* UIKit.framework */,
				80939D251879AD2500EDC2C7 /* XCTest.framework */,
				B12524014C6A4B35B82AED56 /* libPods-IGCocos2d-Demo.a */,
				1067EDC056164521803A480D /* libPods-IGCocos2d-DemoTests.a */,
			);
			name = Frameworks;
			sourceTree = "<group>";
		};
		80939D121879AD2500EDC2C7 /* IGCocos2d-Demo */ = {
			isa = PBXGroup;
			children = (
				80939D1B1879AD2500EDC2C7 /* AppDelegate.h */,
				80939D1C1879AD2500EDC2C7 /* AppDelegate.m */,
				80939D1E1879AD2500EDC2C7 /* Images.xcassets */,
				80939D131879AD2500EDC2C7 /* Supporting Files */,
			);
			path = "IGCocos2d-Demo";
			sourceTree = "<group>";
		};
		80939D131879AD2500EDC2C7 /* Supporting Files */ = {
			isa = PBXGroup;
			children = (
				80939D141879AD2500EDC2C7 /* IGCocos2d-Demo-Info.plist */,
				80939D151879AD2500EDC2C7 /* InfoPlist.strings */,
				80939D181879AD2500EDC2C7 /* main.m */,
				80939D1A1879AD2500EDC2C7 /* IGCocos2d-Demo-Prefix.pch */,
			);
			name = "Supporting Files";
			sourceTree = "<group>";
		};
		80939D2B1879AD2500EDC2C7 /* IGCocos2d-DemoTests */ = {
			isa = PBXGroup;
			children = (
				80939D311879AD2500EDC2C7 /* IGCocos2d_DemoTests.m */,
				80939D2C1879AD2500EDC2C7 /* Supporting Files */,
			);
			path = "IGCocos2d-DemoTests";
			sourceTree = "<group>";
		};
		80939D2C1879AD2500EDC2C7 /* Supporting Files */ = {
			isa = PBXGroup;
			children = (
				80939D2D1879AD2500EDC2C7 /* IGCocos2d-DemoTests-Info.plist */,
				80939D2E1879AD2500EDC2C7 /* InfoPlist.strings */,
			);
			name = "Supporting Files";
			sourceTree = "<group>";
		};
/* End PBXGroup section */

/* Begin PBXNativeTarget section */
		80939D081879AD2500EDC2C7 /* IGCocos2d-Demo */ = {
			isa = PBXNativeTarget;
			buildConfigurationList = 80939D351879AD2500EDC2C7 /* Build configuration list for PBXNativeTarget "IGCocos2d-Demo" */;
			buildPhases = (
				B01372B1790B4FBB8CD91A91 /* Check Pods Manifest.lock */,
				80939D051879AD2500EDC2C7 /* Sources */,
				80939D061879AD2500EDC2C7 /* Frameworks */,
				80939D071879AD2500EDC2C7 /* Resources */,
				02DA5980148C4FF7B691AD68 /* Copy Pods Resources */,
			);
			buildRules = (
			);
			dependencies = (
			);
			name = "IGCocos2d-Demo";
			productName = "IGCocos2d-Demo";
			productReference = 80939D091879AD2500EDC2C7 /* IGCocos2d-Demo.app */;
			productType = "com.apple.product-type.application";
		};
		80939D231879AD2500EDC2C7 /* IGCocos2d-DemoTests */ = {
			isa = PBXNativeTarget;
			buildConfigurationList = 80939D381879AD2500EDC2C7 /* Build configuration list for PBXNativeTarget "IGCocos2d-DemoTests" */;
			buildPhases = (
				3B534B336B804DC4AB3989F0 /* Check Pods Manifest.lock */,
				80939D201879AD2500EDC2C7 /* Sources */,
				80939D211879AD2500EDC2C7 /* Frameworks */,
				80939D221879AD2500EDC2C7 /* Resources */,
				06D0A1E8A12C4735BC13ABF3 /* Copy Pods Resources */,
			);
			buildRules = (
			);
			dependencies = (
				80939D2A1879AD2500EDC2C7 /* PBXTargetDependency */,
			);
			name = "IGCocos2d-DemoTests";
			productName = "IGCocos2d-DemoTests";
			productReference = 80939D241879AD2500EDC2C7 /* IGCocos2d-DemoTests.xctest */;
			productType = "com.apple.product-type.bundle.unit-test";
		};
/* End PBXNativeTarget section */

/* Begin PBXProject section */
		80939D011879AD2500EDC2C7 /* Project object */ = {
			isa = PBXProject;
			attributes = {
				LastUpgradeCheck = 0500;
				ORGANIZATIONNAME = "Magi Ireul";
				TargetAttributes = {
					80939D231879AD2500EDC2C7 = {
						TestTargetID = 80939D081879AD2500EDC2C7;
					};
				};
			};
			buildConfigurationList = 80939D041879AD2500EDC2C7 /* Build configuration list for PBXProject "IGCocos2d-Demo" */;
			compatibilityVersion = "Xcode 3.2";
			developmentRegion = English;
			hasScannedForEncodings = 0;
			knownRegions = (
				en,
			);
			mainGroup = 80939D001879AD2500EDC2C7;
			productRefGroup = 80939D0A1879AD2500EDC2C7 /* Products */;
			projectDirPath = "";
			projectRoot = "";
			targets = (
				80939D081879AD2500EDC2C7 /* IGCocos2d-Demo */,
				80939D231879AD2500EDC2C7 /* IGCocos2d-DemoTests */,
			);
		};
/* End PBXProject section */

/* Begin PBXResourcesBuildPhase section */
		80939D071879AD2500EDC2C7 /* Resources */ = {
			isa = PBXResourcesBuildPhase;
			buildActionMask = 2147483647;
			files = (
				80939D171879AD2500EDC2C7 /* InfoPlist.strings in Resources */,
				80939D1F1879AD2500EDC2C7 /* Images.xcassets in Resources */,
			);
			runOnlyForDeploymentPostprocessing = 0;
		};
		80939D221879AD2500EDC2C7 /* Resources */ = {
			isa = PBXResourcesBuildPhase;
			buildActionMask = 2147483647;
			files = (
				80939D301879AD2500EDC2C7 /* InfoPlist.strings in Resources */,
			);
			runOnlyForDeploymentPostprocessing = 0;
		};
/* End PBXResourcesBuildPhase section */

/* Begin PBXShellScriptBuildPhase section */
		02DA5980148C4FF7B691AD68 /* Copy Pods Resources */ = {
			isa = PBXShellScriptBuildPhase;
			buildActionMask = 2147483647;
			files = (
			);
			inputPaths = (
			);
			name = "Copy Pods Resources";
			outputPaths = (
			);
			runOnlyForDeploymentPostprocessing = 0;
			shellPath = /bin/sh;
			shellScript = "\"${SRCROOT}/Pods/Pods-IGCocos2d-Demo-resources.sh\"\n";
			showEnvVarsInLog = 0;
		};
		06D0A1E8A12C4735BC13ABF3 /* Copy Pods Resources */ = {
			isa = PBXShellScriptBuildPhase;
			buildActionMask = 2147483647;
			files = (
			);
			inputPaths = (
			);
			name = "Copy Pods Resources";
			outputPaths = (
			);
			runOnlyForDeploymentPostprocessing = 0;
			shellPath = /bin/sh;
			shellScript = "\"${SRCROOT}/Pods/Pods-IGCocos2d-DemoTests-resources.sh\"\n";
			showEnvVarsInLog = 0;
		};
		3B534B336B804DC4AB3989F0 /* Check Pods Manifest.lock */ = {
			isa = PBXShellScriptBuildPhase;
			buildActionMask = 2147483647;
			files = (
			);
			inputPaths = (
			);
			name = "Check Pods Manifest.lock";
			outputPaths = (
			);
			runOnlyForDeploymentPostprocessing = 0;
			shellPath = /bin/sh;
			shellScript = "diff \"${PODS_ROOT}/../Podfile.lock\" \"${PODS_ROOT}/Manifest.lock\" > /dev/null\nif [[ $? != 0 ]] ; then\n    cat << EOM\nerror: The sandbox is not in sync with the Podfile.lock. Run 'pod install' or update your CocoaPods installation.\nEOM\n    exit 1\nfi\n";
			showEnvVarsInLog = 0;
		};
		B01372B1790B4FBB8CD91A91 /* Check Pods Manifest.lock */ = {
			isa = PBXShellScriptBuildPhase;
			buildActionMask = 2147483647;
			files = (
			);
			inputPaths = (
			);
			name = "Check Pods Manifest.lock";
			outputPaths = (
			);
			runOnlyForDeploymentPostprocessing = 0;
			shellPath = /bin/sh;
			shellScript = "diff \"${PODS_ROOT}/../Podfile.lock\" \"${PODS_ROOT}/Manifest.lock\" > /dev/null\nif [[ $? != 0 ]] ; then\n    cat << EOM\nerror: The sandbox is not in sync with the Podfile.lock. Run 'pod install' or update your CocoaPods installation.\nEOM\n    exit 1\nfi\n";
			showEnvVarsInLog = 0;
		};
/* End PBXShellScriptBuildPhase section */

/* Begin PBXSourcesBuildPhase section */
		80939D051879AD2500EDC2C7 /* Sources */ = {
			isa = PBXSourcesBuildPhase;
			buildActionMask = 2147483647;
			files = (
				80939D1D1879AD2500EDC2C7 /* AppDelegate.m in Sources */,
				80939D191879AD2500EDC2C7 /* main.m in Sources */,
			);
			runOnlyForDeploymentPostprocessing = 0;
		};
		80939D201879AD2500EDC2C7 /* Sources */ = {
			isa = PBXSourcesBuildPhase;
			buildActionMask = 2147483647;
			files = (
				80939D321879AD2500EDC2C7 /* IGCocos2d_DemoTests.m in Sources */,
			);
			runOnlyForDeploymentPostprocessing = 0;
		};
/* End PBXSourcesBuildPhase section */

/* Begin PBXTargetDependency section */
		80939D2A1879AD2500EDC2C7 /* PBXTargetDependency */ = {
			isa = PBXTargetDependency;
			target = 80939D081879AD2500EDC2C7 /* IGCocos2d-Demo */;
			targetProxy = 80939D291879AD2500EDC2C7 /* PBXContainerItemProxy */;
		};
/* End PBXTargetDependency section */

/* Begin PBXVariantGroup section */
		80939D151879AD2500EDC2C7 /* InfoPlist.strings */ = {
			isa = PBXVariantGroup;
			children = (
				80939D161879AD2500EDC2C7 /* en */,
			);
			name = InfoPlist.strings;
			sourceTree = "<group>";
		};
		80939D2E1879AD2500EDC2C7 /* InfoPlist.strings */ = {
			isa = PBXVariantGroup;
			children = (
				80939D2F1879AD2500EDC2C7 /* en */,
			);
			name = InfoPlist.strings;
			sourceTree = "<group>";
		};
/* End PBXVariantGroup section */

/* Begin XCBuildConfiguration section */
		80939D331879AD2500EDC2C7 /* Debug */ = {
			isa = XCBuildConfiguration;
			buildSettings = {
				ALWAYS_SEARCH_USER_PATHS = NO;
				ARCHS = "$(ARCHS_STANDARD_INCLUDING_64_BIT)";
				CLANG_CXX_LANGUAGE_STANDARD = "gnu++0x";
				CLANG_CXX_LIBRARY = "libc++";
				CLANG_ENABLE_MODULES = YES;
				CLANG_ENABLE_OBJC_ARC = YES;
				CLANG_WARN_BOOL_CONVERSION = YES;
				CLANG_WARN_CONSTANT_CONVERSION = YES;
				CLANG_WARN_DIRECT_OBJC_ISA_USAGE = YES_ERROR;
				CLANG_WARN_EMPTY_BODY = YES;
				CLANG_WARN_ENUM_CONVERSION = YES;
				CLANG_WARN_INT_CONVERSION = YES;
				CLANG_WARN_OBJC_ROOT_CLASS = YES_ERROR;
				CLANG_WARN__DUPLICATE_METHOD_MATCH = YES;
				"CODE_SIGN_IDENTITY[sdk=iphoneos*]" = "iPhone Developer";
				COPY_PHASE_STRIP = NO;
				GCC_C_LANGUAGE_STANDARD = gnu99;
				GCC_DYNAMIC_NO_PIC = NO;
				GCC_OPTIMIZATION_LEVEL = 0;
				GCC_PREPROCESSOR_DEFINITIONS = (
					"DEBUG=1",
					"$(inherited)",
				);
				GCC_SYMBOLS_PRIVATE_EXTERN = NO;
				GCC_WARN_64_TO_32_BIT_CONVERSION = YES;
				GCC_WARN_ABOUT_RETURN_TYPE = YES_ERROR;
				GCC_WARN_UNDECLARED_SELECTOR = YES;
				GCC_WARN_UNINITIALIZED_AUTOS = YES;
				GCC_WARN_UNUSED_FUNCTION = YES;
				GCC_WARN_UNUSED_VARIABLE = YES;
				IPHONEOS_DEPLOYMENT_TARGET = 7.0;
				ONLY_ACTIVE_ARCH = YES;
				SDKROOT = iphoneos;
			};
			name = Debug;
		};
		80939D341879AD2500EDC2C7 /* Release */ = {
			isa = XCBuildConfiguration;
			buildSettings = {
				ALWAYS_SEARCH_USER_PATHS = NO;
				ARCHS = "$(ARCHS_STANDARD_INCLUDING_64_BIT)";
				CLANG_CXX_LANGUAGE_STANDARD = "gnu++0x";
				CLANG_CXX_LIBRARY = "libc++";
				CLANG_ENABLE_MODULES = YES;
				CLANG_ENABLE_OBJC_ARC = YES;
				CLANG_WARN_BOOL_CONVERSION = YES;
				CLANG_WARN_CONSTANT_CONVERSION = YES;
				CLANG_WARN_DIRECT_OBJC_ISA_USAGE = YES_ERROR;
				CLANG_WARN_EMPTY_BODY = YES;
				CLANG_WARN_ENUM_CONVERSION = YES;
				CLANG_WARN_INT_CONVERSION = YES;
				CLANG_WARN_OBJC_ROOT_CLASS = YES_ERROR;
				CLANG_WARN__DUPLICATE_METHOD_MATCH = YES;
				"CODE_SIGN_IDENTITY[sdk=iphoneos*]" = "iPhone Developer";
				COPY_PHASE_STRIP = YES;
				ENABLE_NS_ASSERTIONS = NO;
				GCC_C_LANGUAGE_STANDARD = gnu99;
				GCC_WARN_64_TO_32_BIT_CONVERSION = YES;
				GCC_WARN_ABOUT_RETURN_TYPE = YES_ERROR;
				GCC_WARN_UNDECLARED_SELECTOR = YES;
				GCC_WARN_UNINITIALIZED_AUTOS = YES;
				GCC_WARN_UNUSED_FUNCTION = YES;
				GCC_WARN_UNUSED_VARIABLE = YES;
				IPHONEOS_DEPLOYMENT_TARGET = 7.0;
				SDKROOT = iphoneos;
				VALIDATE_PRODUCT = YES;
			};
			name = Release;
		};
		80939D361879AD2500EDC2C7 /* Debug */ = {
			isa = XCBuildConfiguration;
			baseConfigurationReference = D65BBDB54A494983909C16B5 /* Pods-IGCocos2d-Demo.xcconfig */;
			buildSettings = {
				ASSETCATALOG_COMPILER_APPICON_NAME = AppIcon;
				ASSETCATALOG_COMPILER_LAUNCHIMAGE_NAME = LaunchImage;
				GCC_PRECOMPILE_PREFIX_HEADER = YES;
				GCC_PREFIX_HEADER = "IGCocos2d-Demo/IGCocos2d-Demo-Prefix.pch";
				INFOPLIST_FILE = "IGCocos2d-Demo/IGCocos2d-Demo-Info.plist";
				PRODUCT_NAME = "$(TARGET_NAME)";
				WRAPPER_EXTENSION = app;
			};
			name = Debug;
		};
		80939D371879AD2500EDC2C7 /* Release */ = {
			isa = XCBuildConfiguration;
			baseConfigurationReference = D65BBDB54A494983909C16B5 /* Pods-IGCocos2d-Demo.xcconfig */;
			buildSettings = {
				ASSETCATALOG_COMPILER_APPICON_NAME = AppIcon;
				ASSETCATALOG_COMPILER_LAUNCHIMAGE_NAME = LaunchImage;
				GCC_PRECOMPILE_PREFIX_HEADER = YES;
				GCC_PREFIX_HEADER = "IGCocos2d-Demo/IGCocos2d-Demo-Prefix.pch";
				INFOPLIST_FILE = "IGCocos2d-Demo/IGCocos2d-Demo-Info.plist";
				PRODUCT_NAME = "$(TARGET_NAME)";
				WRAPPER_EXTENSION = app;
			};
			name = Release;
		};
		80939D391879AD2500EDC2C7 /* Debug */ = {
			isa = XCBuildConfiguration;
			baseConfigurationReference = C38E5490541E450B82D694AA /* Pods-IGCocos2d-DemoTests.xcconfig */;
			buildSettings = {
				ARCHS = "$(ARCHS_STANDARD_INCLUDING_64_BIT)";
				BUNDLE_LOADER = "$(BUILT_PRODUCTS_DIR)/IGCocos2d-Demo.app/IGCocos2d-Demo";
				FRAMEWORK_SEARCH_PATHS = (
					"$(SDKROOT)/Developer/Library/Frameworks",
					"$(inherited)",
					"$(DEVELOPER_FRAMEWORKS_DIR)",
				);
				GCC_PRECOMPILE_PREFIX_HEADER = YES;
				GCC_PREFIX_HEADER = "IGCocos2d-Demo/IGCocos2d-Demo-Prefix.pch";
				GCC_PREPROCESSOR_DEFINITIONS = (
					"DEBUG=1",
					"$(inherited)",
				);
				INFOPLIST_FILE = "IGCocos2d-DemoTests/IGCocos2d-DemoTests-Info.plist";
				PRODUCT_NAME = "$(TARGET_NAME)";
				TEST_HOST = "$(BUNDLE_LOADER)";
				WRAPPER_EXTENSION = xctest;
			};
			name = Debug;
		};
		80939D3A1879AD2500EDC2C7 /* Release */ = {
			isa = XCBuildConfiguration;
			baseConfigurationReference = C38E5490541E450B82D694AA /* Pods-IGCocos2d-DemoTests.xcconfig */;
			buildSettings = {
				ARCHS = "$(ARCHS_STANDARD_INCLUDING_64_BIT)";
				BUNDLE_LOADER = "$(BUILT_PRODUCTS_DIR)/IGCocos2d-Demo.app/IGCocos2d-Demo";
				FRAMEWORK_SEARCH_PATHS = (
					"$(SDKROOT)/Developer/Library/Frameworks",
					"$(inherited)",
					"$(DEVELOPER_FRAMEWORKS_DIR)",
				);
				GCC_PRECOMPILE_PREFIX_HEADER = YES;
				GCC_PREFIX_HEADER = "IGCocos2d-Demo/IGCocos2d-Demo-Prefix.pch";
				INFOPLIST_FILE = "IGCocos2d-DemoTests/IGCocos2d-DemoTests-Info.plist";
				PRODUCT_NAME = "$(TARGET_NAME)";
				TEST_HOST = "$(BUNDLE_LOADER)";
				WRAPPER_EXTENSION = xctest;
			};
			name = Release;
		};
/* End XCBuildConfiguration section */

/* Begin XCConfigurationList section */
		80939D041879AD2500EDC2C7 /* Build configuration list for PBXProject "IGCocos2d-Demo" */ = {
			isa = XCConfigurationList;
			buildConfigurations = (
				80939D331879AD2500EDC2C7 /* Debug */,
				80939D341879AD2500EDC2C7 /* Release */,
			);
			defaultConfigurationIsVisible = 0;
			defaultConfigurationName = Release;
		};
		80939D351879AD2500EDC2C7 /* Build configuration list for PBXNativeTarget "IGCocos2d-Demo" */ = {
			isa = XCConfigurationList;
			buildConfigurations = (
				80939D361879AD2500EDC2C7 /* Debug */,
				80939D371879AD2500EDC2C7 /* Release */,
			);
			defaultConfigurationIsVisible = 0;
			defaultConfigurationName = Release;
		};
		80939D381879AD2500EDC2C7 /* Build configuration list for PBXNativeTarget "IGCocos2d-DemoTests" */ = {
			isa = XCConfigurationList;
			buildConfigurations = (
				80939D391879AD2500EDC2C7 /* Debug */,
				80939D3A1879AD2500EDC2C7 /* Release */,
			);
			defaultConfigurationIsVisible = 0;
			defaultConfigurationName = Release;
		};
/* End XCConfigurationList section */
	};
	rootObject = 80939D011879AD2500EDC2C7 /* Project object */;
}
